
Microsoft Visual Studio Solution File, Format Version 12.00
# Visual Studio Version 17
VisualStudioVersion = 17.4.33103.184
MinimumVisualStudioVersion = 10.0.40219.1
Project("{FAE04EC0-301F-11D3-BF4B-00C04F79EFBC}") = "HealthCare", "HealthCare.csproj", "{A693128E-C81B-44B4-BF81-6D3D8050C7FE}"
EndProject
Global
	GlobalSection(SolutionConfigurationPlatforms) = preSolution
		Debug|Any CPU = Debug|Any CPU
		Release|Any CPU = Release|Any CPU
	EndGlobalSection
	GlobalSection(ProjectConfigurationPlatforms) = postSolution
		{A693128E-C81B-44B4-BF81-6D3D8050C7FE}.Debug|Any CPU.ActiveCfg = Debug|Any CPU
		{A693128E-C81B-44B4-BF81-6D3D8050C7FE}.Debug|Any CPU.Build.0 = Debug|Any CPU
		{A693128E-C81B-44B4-BF81-6D3D8050C7FE}.Release|Any CPU.ActiveCfg = Release|Any CPU
		{A693128E-C81B-44B4-BF81-6D3D8050C7FE}.Release|Any CPU.Build.0 = Release|Any CPU
	EndGlobalSection
	GlobalSection(SolutionProperties) = preSolution
		HideSolutionNode = FALSE
	EndGlobalSection
	GlobalSection(ExtensibilityGlobals) = postSolution
		SolutionGuid = {618EC224-A101-4ECA-A8A8-604F96ABD259}
	EndGlobalSection
EndGlobal
